
Microsoft Visual Studio Solution File, Format Version 12.00
# Visual Studio Version 17
VisualStudioVersion = 17.0.31903.59
MinimumVisualStudioVersion = 10.0.40219.1
Project("{9A19103F-16F7-4668-BE54-9A1E7A4F7556}") = "FinnishPublicHolidays", "FinnishPublicHolidays\FinnishPublicHolidays.csproj", "{0DE46E93-EB6B-4862-8D65-08A084896D1D}"
EndProject
Project("{9A19103F-16F7-4668-BE54-9A1E7A4F7556}") = "FinnishPublicHolidays.Tests", "FinnishPublicHolidaysTests\FinnishPublicHolidays.Tests.csproj", "{40365215-23CE-43C0-8812-961A52A37878}"
EndProject
Global
	GlobalSection(SolutionConfigurationPlatforms) = preSolution
		Debug|Any CPU = Debug|Any CPU
		Release|Any CPU = Release|Any CPU
	EndGlobalSection
	GlobalSection(ProjectConfigurationPlatforms) = postSolution
		{0DE46E93-EB6B-4862-8D65-08A084896D1D}.Debug|Any CPU.ActiveCfg = Debug|Any CPU
		{0DE46E93-EB6B-4862-8D65-08A084896D1D}.Debug|Any CPU.Build.0 = Debug|Any CPU
		{0DE46E93-EB6B-4862-8D65-08A084896D1D}.Release|Any CPU.ActiveCfg = Release|Any CPU
		{0DE46E93-EB6B-4862-8D65-08A084896D1D}.Release|Any CPU.Build.0 = Release|Any CPU
		{40365215-23CE-43C0-8812-961A52A37878}.Debug|Any CPU.ActiveCfg = Debug|Any CPU
		{40365215-23CE-43C0-8812-961A52A37878}.Debug|Any CPU.Build.0 = Debug|Any CPU
		{40365215-23CE-43C0-8812-961A52A37878}.Release|Any CPU.ActiveCfg = Release|Any CPU
		{40365215-23CE-43C0-8812-961A52A37878}.Release|Any CPU.Build.0 = Release|Any CPU
	EndGlobalSection
	GlobalSection(SolutionProperties) = preSolution
		HideSolutionNode = FALSE
	EndGlobalSection
	GlobalSection(ExtensibilityGlobals) = postSolution
		SolutionGuid = {6D245340-A057-48CF-A822-416B8807C7F7}
	EndGlobalSection
	GlobalSection(CodealikeProperties) = postSolution
		SolutionGuid = daefd3d3-a9d0-4a06-a308-9b30a8a51301
	EndGlobalSection
EndGlobal
